
Microsoft Visual Studio Solution File, Format Version 12.00
# Visual Studio Version 17
VisualStudioVersion = 17.11.35103.136
MinimumVisualStudioVersion = 10.0.40219.1
Project("{2150E333-8FDC-42A3-9474-1A3956D46DE8}") = "docs", "docs", "{0ED611E6-3827-44C8-98BC-6C66D29FA0D1}"
EndProject
Project("{2150E333-8FDC-42A3-9474-1A3956D46DE8}") = "eng", "eng", "{044958B4-13C7-4AC7-B77A-E7C8CBC4F9A3}"
EndProject
Project("{2150E333-8FDC-42A3-9474-1A3956D46DE8}") = "src", "src", "{5A731584-32E6-430E-8BF1-BB58CACD75F1}"
EndProject
Project("{2150E333-8FDC-42A3-9474-1A3956D46DE8}") = "Client", "Client", "{95D9D4EC-D682-4BC3-9BF1-44EC5D4BCF15}"
EndProject
Project("{9A19103F-16F7-4668-BE54-9A1E7A4F7556}") = "LocalizationService", "src\Client\LocalizationService\LocalizationService.csproj", "{CA8964F6-C78D-4D4F-8478-AE92D0BD43D2}"
EndProject
Project("{9A19103F-16F7-4668-BE54-9A1E7A4F7556}") = "MemoryCacheService", "src\Client\MemoryCacheService\MemoryCacheService.csproj", "{0C1DE592-3C9C-49E5-84C0-BA21E2DC03D6}"
EndProject
Project("{2150E333-8FDC-42A3-9474-1A3956D46DE8}") = "Libraries", "Libraries", "{54A0B55A-CC26-48E4-AECC-B861C22D64F4}"
EndProject
Project("{2150E333-8FDC-42A3-9474-1A3956D46DE8}") = "Server", "Server", "{F2ED51E3-BAF7-4E5D-9E5A-E4F350B83C55}"
EndProject
Project("{2150E333-8FDC-42A3-9474-1A3956D46DE8}") = "Shared", "Shared", "{A54F1738-806E-4655-871E-57BE789F9BA9}"
EndProject
Project("{9A19103F-16F7-4668-BE54-9A1E7A4F7556}") = "Models", "src\Shared\Models\Models.csproj", "{501C4368-A649-4C2C-9527-61F5CE45A6E1}"
EndProject
Project("{2150E333-8FDC-42A3-9474-1A3956D46DE8}") = "tests", "tests", "{45766CBD-D067-49F2-B1AA-2355519F4DA0}"
EndProject
Project("{2150E333-8FDC-42A3-9474-1A3956D46DE8}") = "Shared", "Shared", "{8F36390F-9FFB-479B-A0FC-9A00C629E51D}"
EndProject
Project("{9A19103F-16F7-4668-BE54-9A1E7A4F7556}") = "Models.Tests", "tests\Shared\Models.Tests\Models.Tests.csproj", "{88291753-5695-4277-829A-565425072CBA}"
EndProject
Project("{2150E333-8FDC-42A3-9474-1A3956D46DE8}") = "Client", "Client", "{1ECFAD8D-28C8-44CA-8D15-28C4F5E5627A}"
EndProject
Project("{9A19103F-16F7-4668-BE54-9A1E7A4F7556}") = "MemoryCacheService.Tests", "tests\Client\MemoryCacheService.Tests\MemoryCacheService.Tests.csproj", "{17C516EB-82DC-4D33-894B-223E2D01DF78}"
EndProject
Project("{2150E333-8FDC-42A3-9474-1A3956D46DE8}") = "solution-items", "solution-items", "{F517289E-C8D9-4FC6-924C-E65BA8A541AD}"
	ProjectSection(SolutionItems) = preProject
		.editorconfig = .editorconfig
		.gitattributes = .gitattributes
		.gitignore = .gitignore
		.markdownlint.json = .markdownlint.json
		.markdownlintignore = .markdownlintignore
		Readme.md = Readme.md
		spelling.dic = spelling.dic
	EndProjectSection
EndProject
Project("{2150E333-8FDC-42A3-9474-1A3956D46DE8}") = ".github", ".github", "{775DA395-C54E-4166-A7A0-27D7466B4A5C}"
	ProjectSection(SolutionItems) = preProject
		.github\dependabot.yml = .github\dependabot.yml
	EndProjectSection
EndProject
Project("{2150E333-8FDC-42A3-9474-1A3956D46DE8}") = "workflows", "workflows", "{104C0297-2692-4F4F-BFDC-25C9A20DC010}"
	ProjectSection(SolutionItems) = preProject
		.github\workflows\backport.yml = .github\workflows\backport.yml
		.github\workflows\build-and-test.yml = .github\workflows\build-and-test.yml
		.github\workflows\locker.yml = .github\workflows\locker.yml
		.github\workflows\markdownlint-problem-matcher.json = .github\workflows\markdownlint-problem-matcher.json
		.github\workflows\markdownlint.yml = .github\workflows\markdownlint.yml
	EndProjectSection
EndProject
Project("{2150E333-8FDC-42A3-9474-1A3956D46DE8}") = "tests", "tests", "{DA8A4252-2766-4168-904B-823BA54F658C}"
EndProject
Project("{9A19103F-16F7-4668-BE54-9A1E7A4F7556}") = "LocalizationService.Tests", "tests\Client\LocalizationService.Tests\LocalizationService.Tests.csproj", "{CAD6FAED-1E6E-4E47-B546-EE55247DC2DE}"
EndProject
Project("{2150E333-8FDC-42A3-9474-1A3956D46DE8}") = "Converters", "Converters", "{B236840F-ED45-4552-B008-831E5440DD15}"
EndProject
Project("{9A19103F-16F7-4668-BE54-9A1E7A4F7556}") = "JsonConverterService", "src\Client\Converters\JsonConverterService\JsonConverterService.csproj", "{69C7418E-E63F-4792-B641-C2788B0C2B11}"
EndProject
Project("{2150E333-8FDC-42A3-9474-1A3956D46DE8}") = "Converters", "Converters", "{7CEEAF4A-1685-41D6-A4B8-A2E6E7E8D548}"
EndProject
Project("{9A19103F-16F7-4668-BE54-9A1E7A4F7556}") = "JsonConverterService.Tests", "tests\Client\Converters\JsonConverterService.Tests\JsonConverterService.Tests.csproj", "{C72B4C0F-24B1-4D3F-865B-0EE5D958D6DD}"
EndProject
Project("{2150E333-8FDC-42A3-9474-1A3956D46DE8}") = "Tests", "Tests", "{F554A7FD-FB4D-4F14-BDF8-EC3948C37C90}"
EndProject
Project("{2150E333-8FDC-42A3-9474-1A3956D46DE8}") = "Servers", "Servers", "{96EE3DCE-B105-4B03-A9A0-4472E158FB9A}"
EndProject
Project("{9A19103F-16F7-4668-BE54-9A1E7A4F7556}") = "MiniGrpcServer", "src\Tests\Servers\MiniGrpcServer\MiniGrpcServer.csproj", "{AF113CEC-10BA-44F0-A4FA-3E9F6C1326FA}"
EndProject
Project("{2150E333-8FDC-42A3-9474-1A3956D46DE8}") = "Shared", "Shared", "{EF6E02E7-BC52-4ADB-A659-2F016C0A2E53}"
EndProject
Project("{9A19103F-16F7-4668-BE54-9A1E7A4F7556}") = "GrpcModels", "src\Tests\Shared\GrpcModels\GrpcModels.csproj", "{09340CAB-E0EA-40F8-82D5-1FC9A018FE14}"
EndProject
Project("{9A19103F-16F7-4668-BE54-9A1E7A4F7556}") = "GrpcService", "src\Tests\Client\GrpcService\GrpcService.csproj", "{3F9A8898-305D-4C92-9C24-57E6B47EFFB8}"
EndProject
Project("{2150E333-8FDC-42A3-9474-1A3956D46DE8}") = "Client", "Client", "{C61F6F62-D28B-4F51-869E-2A2CA127A3C5}"
EndProject
Project("{2150E333-8FDC-42A3-9474-1A3956D46DE8}") = "SourceGenerators", "SourceGenerators", "{03374E56-1555-4163-8C37-8858D0E93636}"
EndProject
Project("{FAE04EC0-301F-11D3-BF4B-00C04F79EFBC}") = "CSharpSourceGeneratorSamples", "src\SourceGenerators\SourceGeneratorSamples\CSharpSourceGeneratorSamples.csproj", "{8C166B61-2212-40BD-8D28-CB01F05315FD}"
EndProject
Project("{FAE04EC0-301F-11D3-BF4B-00C04F79EFBC}") = "CSharpGeneratedDemo", "src\SourceGenerators\GeneratedDemo\CSharpGeneratedDemo.csproj", "{A1658231-0F98-4DA9-87D5-BE5ED6BFA1DB}"
EndProject
Global
	GlobalSection(SolutionConfigurationPlatforms) = preSolution
		Debug|Any CPU = Debug|Any CPU
		Release|Any CPU = Release|Any CPU
	EndGlobalSection
	GlobalSection(ProjectConfigurationPlatforms) = postSolution
		{CA8964F6-C78D-4D4F-8478-AE92D0BD43D2}.Debug|Any CPU.ActiveCfg = Debug|Any CPU
		{CA8964F6-C78D-4D4F-8478-AE92D0BD43D2}.Debug|Any CPU.Build.0 = Debug|Any CPU
		{CA8964F6-C78D-4D4F-8478-AE92D0BD43D2}.Release|Any CPU.ActiveCfg = Release|Any CPU
		{CA8964F6-C78D-4D4F-8478-AE92D0BD43D2}.Release|Any CPU.Build.0 = Release|Any CPU
		{0C1DE592-3C9C-49E5-84C0-BA21E2DC03D6}.Debug|Any CPU.ActiveCfg = Debug|Any CPU
		{0C1DE592-3C9C-49E5-84C0-BA21E2DC03D6}.Debug|Any CPU.Build.0 = Debug|Any CPU
		{0C1DE592-3C9C-49E5-84C0-BA21E2DC03D6}.Release|Any CPU.ActiveCfg = Release|Any CPU
		{0C1DE592-3C9C-49E5-84C0-BA21E2DC03D6}.Release|Any CPU.Build.0 = Release|Any CPU
		{501C4368-A649-4C2C-9527-61F5CE45A6E1}.Debug|Any CPU.ActiveCfg = Debug|Any CPU
		{501C4368-A649-4C2C-9527-61F5CE45A6E1}.Debug|Any CPU.Build.0 = Debug|Any CPU
		{501C4368-A649-4C2C-9527-61F5CE45A6E1}.Release|Any CPU.ActiveCfg = Release|Any CPU
		{501C4368-A649-4C2C-9527-61F5CE45A6E1}.Release|Any CPU.Build.0 = Release|Any CPU
		{88291753-5695-4277-829A-565425072CBA}.Debug|Any CPU.ActiveCfg = Debug|Any CPU
		{88291753-5695-4277-829A-565425072CBA}.Debug|Any CPU.Build.0 = Debug|Any CPU
		{88291753-5695-4277-829A-565425072CBA}.Release|Any CPU.ActiveCfg = Release|Any CPU
		{88291753-5695-4277-829A-565425072CBA}.Release|Any CPU.Build.0 = Release|Any CPU
		{17C516EB-82DC-4D33-894B-223E2D01DF78}.Debug|Any CPU.ActiveCfg = Debug|Any CPU
		{17C516EB-82DC-4D33-894B-223E2D01DF78}.Debug|Any CPU.Build.0 = Debug|Any CPU
		{17C516EB-82DC-4D33-894B-223E2D01DF78}.Release|Any CPU.ActiveCfg = Release|Any CPU
		{17C516EB-82DC-4D33-894B-223E2D01DF78}.Release|Any CPU.Build.0 = Release|Any CPU
		{CAD6FAED-1E6E-4E47-B546-EE55247DC2DE}.Debug|Any CPU.ActiveCfg = Debug|Any CPU
		{CAD6FAED-1E6E-4E47-B546-EE55247DC2DE}.Debug|Any CPU.Build.0 = Debug|Any CPU
		{CAD6FAED-1E6E-4E47-B546-EE55247DC2DE}.Release|Any CPU.ActiveCfg = Release|Any CPU
		{CAD6FAED-1E6E-4E47-B546-EE55247DC2DE}.Release|Any CPU.Build.0 = Release|Any CPU
		{69C7418E-E63F-4792-B641-C2788B0C2B11}.Debug|Any CPU.ActiveCfg = Debug|Any CPU
		{69C7418E-E63F-4792-B641-C2788B0C2B11}.Debug|Any CPU.Build.0 = Debug|Any CPU
		{69C7418E-E63F-4792-B641-C2788B0C2B11}.Release|Any CPU.ActiveCfg = Release|Any CPU
		{69C7418E-E63F-4792-B641-C2788B0C2B11}.Release|Any CPU.Build.0 = Release|Any CPU
		{C72B4C0F-24B1-4D3F-865B-0EE5D958D6DD}.Debug|Any CPU.ActiveCfg = Debug|Any CPU
		{C72B4C0F-24B1-4D3F-865B-0EE5D958D6DD}.Debug|Any CPU.Build.0 = Debug|Any CPU
		{C72B4C0F-24B1-4D3F-865B-0EE5D958D6DD}.Release|Any CPU.ActiveCfg = Release|Any CPU
		{C72B4C0F-24B1-4D3F-865B-0EE5D958D6DD}.Release|Any CPU.Build.0 = Release|Any CPU
		{AF113CEC-10BA-44F0-A4FA-3E9F6C1326FA}.Debug|Any CPU.ActiveCfg = Debug|Any CPU
		{AF113CEC-10BA-44F0-A4FA-3E9F6C1326FA}.Debug|Any CPU.Build.0 = Debug|Any CPU
		{AF113CEC-10BA-44F0-A4FA-3E9F6C1326FA}.Release|Any CPU.ActiveCfg = Release|Any CPU
		{AF113CEC-10BA-44F0-A4FA-3E9F6C1326FA}.Release|Any CPU.Build.0 = Release|Any CPU
		{09340CAB-E0EA-40F8-82D5-1FC9A018FE14}.Debug|Any CPU.ActiveCfg = Debug|Any CPU
		{09340CAB-E0EA-40F8-82D5-1FC9A018FE14}.Debug|Any CPU.Build.0 = Debug|Any CPU
		{09340CAB-E0EA-40F8-82D5-1FC9A018FE14}.Release|Any CPU.ActiveCfg = Release|Any CPU
		{09340CAB-E0EA-40F8-82D5-1FC9A018FE14}.Release|Any CPU.Build.0 = Release|Any CPU
		{3F9A8898-305D-4C92-9C24-57E6B47EFFB8}.Debug|Any CPU.ActiveCfg = Debug|Any CPU
		{3F9A8898-305D-4C92-9C24-57E6B47EFFB8}.Debug|Any CPU.Build.0 = Debug|Any CPU
		{3F9A8898-305D-4C92-9C24-57E6B47EFFB8}.Release|Any CPU.ActiveCfg = Release|Any CPU
		{3F9A8898-305D-4C92-9C24-57E6B47EFFB8}.Release|Any CPU.Build.0 = Release|Any CPU
		{8C166B61-2212-40BD-8D28-CB01F05315FD}.Debug|Any CPU.ActiveCfg = Debug|Any CPU
		{8C166B61-2212-40BD-8D28-CB01F05315FD}.Debug|Any CPU.Build.0 = Debug|Any CPU
		{8C166B61-2212-40BD-8D28-CB01F05315FD}.Release|Any CPU.ActiveCfg = Release|Any CPU
		{8C166B61-2212-40BD-8D28-CB01F05315FD}.Release|Any CPU.Build.0 = Release|Any CPU
		{A1658231-0F98-4DA9-87D5-BE5ED6BFA1DB}.Debug|Any CPU.ActiveCfg = Debug|Any CPU
		{A1658231-0F98-4DA9-87D5-BE5ED6BFA1DB}.Debug|Any CPU.Build.0 = Debug|Any CPU
		{A1658231-0F98-4DA9-87D5-BE5ED6BFA1DB}.Release|Any CPU.ActiveCfg = Release|Any CPU
		{A1658231-0F98-4DA9-87D5-BE5ED6BFA1DB}.Release|Any CPU.Build.0 = Release|Any CPU
	EndGlobalSection
	GlobalSection(SolutionProperties) = preSolution
		HideSolutionNode = FALSE
	EndGlobalSection
	GlobalSection(NestedProjects) = preSolution
		{95D9D4EC-D682-4BC3-9BF1-44EC5D4BCF15} = {5A731584-32E6-430E-8BF1-BB58CACD75F1}
		{CA8964F6-C78D-4D4F-8478-AE92D0BD43D2} = {95D9D4EC-D682-4BC3-9BF1-44EC5D4BCF15}
		{0C1DE592-3C9C-49E5-84C0-BA21E2DC03D6} = {95D9D4EC-D682-4BC3-9BF1-44EC5D4BCF15}
		{54A0B55A-CC26-48E4-AECC-B861C22D64F4} = {5A731584-32E6-430E-8BF1-BB58CACD75F1}
		{F2ED51E3-BAF7-4E5D-9E5A-E4F350B83C55} = {5A731584-32E6-430E-8BF1-BB58CACD75F1}
		{A54F1738-806E-4655-871E-57BE789F9BA9} = {5A731584-32E6-430E-8BF1-BB58CACD75F1}
		{501C4368-A649-4C2C-9527-61F5CE45A6E1} = {A54F1738-806E-4655-871E-57BE789F9BA9}
		{8F36390F-9FFB-479B-A0FC-9A00C629E51D} = {45766CBD-D067-49F2-B1AA-2355519F4DA0}
		{88291753-5695-4277-829A-565425072CBA} = {8F36390F-9FFB-479B-A0FC-9A00C629E51D}
		{1ECFAD8D-28C8-44CA-8D15-28C4F5E5627A} = {45766CBD-D067-49F2-B1AA-2355519F4DA0}
		{17C516EB-82DC-4D33-894B-223E2D01DF78} = {1ECFAD8D-28C8-44CA-8D15-28C4F5E5627A}
		{775DA395-C54E-4166-A7A0-27D7466B4A5C} = {F517289E-C8D9-4FC6-924C-E65BA8A541AD}
		{104C0297-2692-4F4F-BFDC-25C9A20DC010} = {775DA395-C54E-4166-A7A0-27D7466B4A5C}
		{DA8A4252-2766-4168-904B-823BA54F658C} = {F517289E-C8D9-4FC6-924C-E65BA8A541AD}
		{CAD6FAED-1E6E-4E47-B546-EE55247DC2DE} = {1ECFAD8D-28C8-44CA-8D15-28C4F5E5627A}
		{B236840F-ED45-4552-B008-831E5440DD15} = {95D9D4EC-D682-4BC3-9BF1-44EC5D4BCF15}
		{69C7418E-E63F-4792-B641-C2788B0C2B11} = {B236840F-ED45-4552-B008-831E5440DD15}
		{7CEEAF4A-1685-41D6-A4B8-A2E6E7E8D548} = {1ECFAD8D-28C8-44CA-8D15-28C4F5E5627A}
		{C72B4C0F-24B1-4D3F-865B-0EE5D958D6DD} = {7CEEAF4A-1685-41D6-A4B8-A2E6E7E8D548}
		{F554A7FD-FB4D-4F14-BDF8-EC3948C37C90} = {5A731584-32E6-430E-8BF1-BB58CACD75F1}
		{96EE3DCE-B105-4B03-A9A0-4472E158FB9A} = {F554A7FD-FB4D-4F14-BDF8-EC3948C37C90}
		{AF113CEC-10BA-44F0-A4FA-3E9F6C1326FA} = {96EE3DCE-B105-4B03-A9A0-4472E158FB9A}
		{EF6E02E7-BC52-4ADB-A659-2F016C0A2E53} = {F554A7FD-FB4D-4F14-BDF8-EC3948C37C90}
		{09340CAB-E0EA-40F8-82D5-1FC9A018FE14} = {EF6E02E7-BC52-4ADB-A659-2F016C0A2E53}
		{3F9A8898-305D-4C92-9C24-57E6B47EFFB8} = {C61F6F62-D28B-4F51-869E-2A2CA127A3C5}
		{C61F6F62-D28B-4F51-869E-2A2CA127A3C5} = {F554A7FD-FB4D-4F14-BDF8-EC3948C37C90}
		{03374E56-1555-4163-8C37-8858D0E93636} = {5A731584-32E6-430E-8BF1-BB58CACD75F1}
		{8C166B61-2212-40BD-8D28-CB01F05315FD} = {03374E56-1555-4163-8C37-8858D0E93636}
		{A1658231-0F98-4DA9-87D5-BE5ED6BFA1DB} = {03374E56-1555-4163-8C37-8858D0E93636}
	EndGlobalSection
	GlobalSection(ExtensibilityGlobals) = postSolution
		SolutionGuid = {E6806214-BD56-491A-8491-7DDFD482AD27}
	EndGlobalSection
EndGlobal
