Microsoft Visual Studio Solution File, Format Version 12.00
# Visual Studio Version 17
VisualStudioVersion = 17.11.35103.136
MinimumVisualStudioVersion = 10.0.40219.1
Project("{2150E333-8FDC-42A3-9474-1A3956D46DE8}") = "docs", "docs", "{0ED611E6-3827-44C8-98BC-6C66D29FA0D1}"
EndProject
Project("{2150E333-8FDC-42A3-9474-1A3956D46DE8}") = "eng", "eng", "{044958B4-13C7-4AC7-B77A-E7C8CBC4F9A3}"
EndProject
Project("{2150E333-8FDC-42A3-9474-1A3956D46DE8}") = "src", "src", "{5A731584-32E6-430E-8BF1-BB58CACD75F1}"
EndProject
Project("{2150E333-8FDC-42A3-9474-1A3956D46DE8}") = "tests", "tests", "{45766CBD-D067-49F2-B1AA-2355519F4DA0}"
EndProject
Project("{2150E333-8FDC-42A3-9474-1A3956D46DE8}") = "solution-items", "solution-items", "{F517289E-C8D9-4FC6-924C-E65BA8A541AD}"
	ProjectSection(SolutionItems) = preProject
		.editorconfig = .editorconfig
		.gitattributes = .gitattributes
		.gitignore = .gitignore
		.markdownlint.json = .markdownlint.json
		.markdownlintignore = .markdownlintignore
		Readme.md = Readme.md
		spelling.dic = spelling.dic
	EndProjectSection
EndProject
Project("{2150E333-8FDC-42A3-9474-1A3956D46DE8}") = ".github", ".github", "{775DA395-C54E-4166-A7A0-27D7466B4A5C}"
	ProjectSection(SolutionItems) = preProject
		.github\dependabot.yml = .github\dependabot.yml
	EndProjectSection
EndProject
Project("{2150E333-8FDC-42A3-9474-1A3956D46DE8}") = "workflows", "workflows", "{104C0297-2692-4F4F-BFDC-25C9A20DC010}"
	ProjectSection(SolutionItems) = preProject
		.github\workflows\backport.yml = .github\workflows\backport.yml
		.github\workflows\build-and-test.yml = .github\workflows\build-and-test.yml
		.github\workflows\locker.yml = .github\workflows\locker.yml
		.github\workflows\markdownlint-problem-matcher.json = .github\workflows\markdownlint-problem-matcher.json
		.github\workflows\markdownlint.yml = .github\workflows\markdownlint.yml
	EndProjectSection
EndProject
Project("{2150E333-8FDC-42A3-9474-1A3956D46DE8}") = "Draft", "Draft", "{F14FFA4E-568C-40E9-A754-CDC88D09365E}"
EndProject
Project("{2150E333-8FDC-42A3-9474-1A3956D46DE8}") = "ForTests", "ForTests", "{76022E4F-899D-4F5E-A06E-A4C9737377CA}"
EndProject
Project("{2150E333-8FDC-42A3-9474-1A3956D46DE8}") = "SourceGenerators", "SourceGenerators", "{7B1351CB-0C24-47DA-BD87-7E492B23DA8B}"
EndProject
Project("{FAE04EC0-301F-11D3-BF4B-00C04F79EFBC}") = "CSharpGeneratedDemo", "src\Draft\SourceGenerators\GeneratedDemo\CSharpGeneratedDemo.csproj", "{D6A97B35-D540-4172-9DA4-8796C0C62A3E}"
EndProject
Project("{FAE04EC0-301F-11D3-BF4B-00C04F79EFBC}") = "CSharpSourceGeneratorSamples", "src\Draft\SourceGenerators\SourceGeneratorSamples\CSharpSourceGeneratorSamples.csproj", "{29A3488C-D136-4AF4-9AA7-68DF791C3D3A}"
EndProject
Project("{2150E333-8FDC-42A3-9474-1A3956D46DE8}") = "Server", "Server", "{B2334A25-513B-44D1-ADDA-197BC9D61FCB}"
EndProject
Project("{2150E333-8FDC-42A3-9474-1A3956D46DE8}") = "Client", "Client", "{37ACBAE7-D928-4021-988D-606B750F5F1B}"
EndProject
Project("{2150E333-8FDC-42A3-9474-1A3956D46DE8}") = "Shared", "Shared", "{188DCC93-C930-481E-AE56-6E342D8BC99A}"
EndProject
Project("{FAE04EC0-301F-11D3-BF4B-00C04F79EFBC}") = "GrpcModels", "src\Draft\ForTests\Shared\GrpcModels\GrpcModels.csproj", "{39903ACD-437C-4EC7-853A-E9BD9EDCD733}"
EndProject
Project("{FAE04EC0-301F-11D3-BF4B-00C04F79EFBC}") = "GrpcServer", "src\Draft\ForTests\Server\GrpcServer\GrpcServer.csproj", "{62321745-0385-431B-A2F8-95A0BFC36AE5}"
EndProject
Project("{FAE04EC0-301F-11D3-BF4B-00C04F79EFBC}") = "GrpcClient", "src\Draft\ForTests\Client\GrpcClient\GrpcClient.csproj", "{2ACC3A56-B87A-4FDB-8917-15C343C7DA18}"
EndProject
Project("{2150E333-8FDC-42A3-9474-1A3956D46DE8}") = "Client", "Client", "{301FBD14-962E-4807-9BFD-449544CDD244}"
EndProject
Project("{2150E333-8FDC-42A3-9474-1A3956D46DE8}") = "Server", "Server", "{90B500D4-E564-44C3-B876-CAA249D2BC0C}"
EndProject
Project("{2150E333-8FDC-42A3-9474-1A3956D46DE8}") = "Shared", "Shared", "{FCC9CBDD-197A-49A4-9ED6-20A7241DA0BC}"
EndProject
Project("{2150E333-8FDC-42A3-9474-1A3956D46DE8}") = "Models", "Models", "{B76F45C2-8218-4E88-B7B1-BEF5F3E19E91}"
EndProject
Project("{FAE04EC0-301F-11D3-BF4B-00C04F79EFBC}") = "ExceptionModels", "src\Shared\Models\ExceptionModels\ExceptionModels.csproj", "{C647D884-513C-4853-9CAA-488CA8AF9010}"
EndProject
Project("{2150E333-8FDC-42A3-9474-1A3956D46DE8}") = "Services", "Services", "{4D8124DF-F391-4399-90C4-8FAB2D8B02BE}"
EndProject
Project("{FAE04EC0-301F-11D3-BF4B-00C04F79EFBC}") = "LocalizationService", "src\Client\Services\LocalizationService\LocalizationService.csproj", "{B473F1A9-E06D-46F5-AA2C-88149F6B01A3}"
EndProject
Project("{FAE04EC0-301F-11D3-BF4B-00C04F79EFBC}") = "MemoryCacheService", "src\Client\Services\MemoryCacheService\MemoryCacheService.csproj", "{59DDEE68-2F82-4442-B49A-57F99AAD7801}"
EndProject
Project("{2150E333-8FDC-42A3-9474-1A3956D46DE8}") = "Converters", "Converters", "{C2D5D6AC-44B7-4D40-9A8B-0B9866B79286}"
EndProject
Project("{FAE04EC0-301F-11D3-BF4B-00C04F79EFBC}") = "JsonConverterService", "src\Client\Services\Converters\JsonConverterService\JsonConverterService.csproj", "{8B2F1A43-346C-4F5E-8FA4-85FFBAC4FC5D}"
EndProject
Project("{2150E333-8FDC-42A3-9474-1A3956D46DE8}") = "Client", "Client", "{034B4D96-28F3-47AF-B324-86C792BF1B0C}"
EndProject
Project("{2150E333-8FDC-42A3-9474-1A3956D46DE8}") = "Shared", "Shared", "{B62636D2-FC45-4A58-86A4-B7FB4E2E13D0}"
EndProject
Project("{2150E333-8FDC-42A3-9474-1A3956D46DE8}") = "Models", "Models", "{17C5CD36-0344-48B2-9BD6-393514A1B874}"
EndProject
Project("{FAE04EC0-301F-11D3-BF4B-00C04F79EFBC}") = "ExceptionModels.Tests", "tests\Shared\Models\ExceptionModels\ExceptionModels.Tests.csproj", "{D6143B16-77BD-49BB-B43F-A1E64FB230B7}"
EndProject
Project("{2150E333-8FDC-42A3-9474-1A3956D46DE8}") = "Services", "Services", "{E36BE1CB-5685-4974-AAA2-E17F06A9C038}"
EndProject
Project("{2150E333-8FDC-42A3-9474-1A3956D46DE8}") = "Converters", "Converters", "{A14035D5-2A26-4442-8DD0-84C48A669919}"
EndProject
Project("{FAE04EC0-301F-11D3-BF4B-00C04F79EFBC}") = "JsonConverterService.Tests", "tests\Client\Services\Converters\JsonConverterService.Tests\JsonConverterService.Tests.csproj", "{61A7A582-4A39-46D3-84C6-3B38F98A043C}"
EndProject
Project("{FAE04EC0-301F-11D3-BF4B-00C04F79EFBC}") = "LocalizationService.Tests", "tests\Client\Services\LocalizationService.Tests\LocalizationService.Tests.csproj", "{C5A2CBD2-6997-4005-AA0D-ACDC30A8B372}"
EndProject
Project("{FAE04EC0-301F-11D3-BF4B-00C04F79EFBC}") = "MemoryCacheService.Tests", "tests\Client\Services\MemoryCacheService.Tests\MemoryCacheService.Tests.csproj", "{5E66AF10-7B97-4DEC-B2DD-234EA2F4FBBC}"
EndProject
Project("{2150E333-8FDC-42A3-9474-1A3956D46DE8}") = "libs", "libs", "{47992CAD-0D67-4279-A1DB-F2E9D7C4C8AB}"
EndProject
Project("{FAE04EC0-301F-11D3-BF4B-00C04F79EFBC}") = "ForUnity", "libs\ForUnity\ForUnity.csproj", "{95AD94A0-E456-44BD-9552-201E9304B577}"
EndProject
Global
	GlobalSection(SolutionConfigurationPlatforms) = preSolution
		Debug|Any CPU = Debug|Any CPU
		Release|Any CPU = Release|Any CPU
	EndGlobalSection
	GlobalSection(ProjectConfigurationPlatforms) = postSolution
		{D6A97B35-D540-4172-9DA4-8796C0C62A3E}.Debug|Any CPU.ActiveCfg = Debug|Any CPU
		{D6A97B35-D540-4172-9DA4-8796C0C62A3E}.Debug|Any CPU.Build.0 = Debug|Any CPU
		{D6A97B35-D540-4172-9DA4-8796C0C62A3E}.Release|Any CPU.ActiveCfg = Release|Any CPU
		{D6A97B35-D540-4172-9DA4-8796C0C62A3E}.Release|Any CPU.Build.0 = Release|Any CPU
		{29A3488C-D136-4AF4-9AA7-68DF791C3D3A}.Debug|Any CPU.ActiveCfg = Debug|Any CPU
		{29A3488C-D136-4AF4-9AA7-68DF791C3D3A}.Debug|Any CPU.Build.0 = Debug|Any CPU
		{29A3488C-D136-4AF4-9AA7-68DF791C3D3A}.Release|Any CPU.ActiveCfg = Release|Any CPU
		{29A3488C-D136-4AF4-9AA7-68DF791C3D3A}.Release|Any CPU.Build.0 = Release|Any CPU
		{39903ACD-437C-4EC7-853A-E9BD9EDCD733}.Debug|Any CPU.ActiveCfg = Debug|Any CPU
		{39903ACD-437C-4EC7-853A-E9BD9EDCD733}.Debug|Any CPU.Build.0 = Debug|Any CPU
		{39903ACD-437C-4EC7-853A-E9BD9EDCD733}.Release|Any CPU.ActiveCfg = Release|Any CPU
		{39903ACD-437C-4EC7-853A-E9BD9EDCD733}.Release|Any CPU.Build.0 = Release|Any CPU
		{62321745-0385-431B-A2F8-95A0BFC36AE5}.Debug|Any CPU.ActiveCfg = Debug|Any CPU
		{62321745-0385-431B-A2F8-95A0BFC36AE5}.Debug|Any CPU.Build.0 = Debug|Any CPU
		{62321745-0385-431B-A2F8-95A0BFC36AE5}.Release|Any CPU.ActiveCfg = Release|Any CPU
		{62321745-0385-431B-A2F8-95A0BFC36AE5}.Release|Any CPU.Build.0 = Release|Any CPU
		{2ACC3A56-B87A-4FDB-8917-15C343C7DA18}.Debug|Any CPU.ActiveCfg = Debug|Any CPU
		{2ACC3A56-B87A-4FDB-8917-15C343C7DA18}.Debug|Any CPU.Build.0 = Debug|Any CPU
		{2ACC3A56-B87A-4FDB-8917-15C343C7DA18}.Release|Any CPU.ActiveCfg = Release|Any CPU
		{2ACC3A56-B87A-4FDB-8917-15C343C7DA18}.Release|Any CPU.Build.0 = Release|Any CPU
		{C647D884-513C-4853-9CAA-488CA8AF9010}.Debug|Any CPU.ActiveCfg = Debug|Any CPU
		{C647D884-513C-4853-9CAA-488CA8AF9010}.Debug|Any CPU.Build.0 = Debug|Any CPU
		{C647D884-513C-4853-9CAA-488CA8AF9010}.Release|Any CPU.ActiveCfg = Release|Any CPU
		{C647D884-513C-4853-9CAA-488CA8AF9010}.Release|Any CPU.Build.0 = Release|Any CPU
		{B473F1A9-E06D-46F5-AA2C-88149F6B01A3}.Debug|Any CPU.ActiveCfg = Debug|Any CPU
		{B473F1A9-E06D-46F5-AA2C-88149F6B01A3}.Debug|Any CPU.Build.0 = Debug|Any CPU
		{B473F1A9-E06D-46F5-AA2C-88149F6B01A3}.Release|Any CPU.ActiveCfg = Release|Any CPU
		{B473F1A9-E06D-46F5-AA2C-88149F6B01A3}.Release|Any CPU.Build.0 = Release|Any CPU
		{59DDEE68-2F82-4442-B49A-57F99AAD7801}.Debug|Any CPU.ActiveCfg = Debug|Any CPU
		{59DDEE68-2F82-4442-B49A-57F99AAD7801}.Debug|Any CPU.Build.0 = Debug|Any CPU
		{59DDEE68-2F82-4442-B49A-57F99AAD7801}.Release|Any CPU.ActiveCfg = Release|Any CPU
		{59DDEE68-2F82-4442-B49A-57F99AAD7801}.Release|Any CPU.Build.0 = Release|Any CPU
		{8B2F1A43-346C-4F5E-8FA4-85FFBAC4FC5D}.Debug|Any CPU.ActiveCfg = Debug|Any CPU
		{8B2F1A43-346C-4F5E-8FA4-85FFBAC4FC5D}.Debug|Any CPU.Build.0 = Debug|Any CPU
		{8B2F1A43-346C-4F5E-8FA4-85FFBAC4FC5D}.Release|Any CPU.ActiveCfg = Release|Any CPU
		{8B2F1A43-346C-4F5E-8FA4-85FFBAC4FC5D}.Release|Any CPU.Build.0 = Release|Any CPU
		{D6143B16-77BD-49BB-B43F-A1E64FB230B7}.Debug|Any CPU.ActiveCfg = Debug|Any CPU
		{D6143B16-77BD-49BB-B43F-A1E64FB230B7}.Debug|Any CPU.Build.0 = Debug|Any CPU
		{D6143B16-77BD-49BB-B43F-A1E64FB230B7}.Release|Any CPU.ActiveCfg = Release|Any CPU
		{D6143B16-77BD-49BB-B43F-A1E64FB230B7}.Release|Any CPU.Build.0 = Release|Any CPU
		{61A7A582-4A39-46D3-84C6-3B38F98A043C}.Debug|Any CPU.ActiveCfg = Debug|Any CPU
		{61A7A582-4A39-46D3-84C6-3B38F98A043C}.Debug|Any CPU.Build.0 = Debug|Any CPU
		{61A7A582-4A39-46D3-84C6-3B38F98A043C}.Release|Any CPU.ActiveCfg = Release|Any CPU
		{61A7A582-4A39-46D3-84C6-3B38F98A043C}.Release|Any CPU.Build.0 = Release|Any CPU
		{C5A2CBD2-6997-4005-AA0D-ACDC30A8B372}.Debug|Any CPU.ActiveCfg = Debug|Any CPU
		{C5A2CBD2-6997-4005-AA0D-ACDC30A8B372}.Debug|Any CPU.Build.0 = Debug|Any CPU
		{C5A2CBD2-6997-4005-AA0D-ACDC30A8B372}.Release|Any CPU.ActiveCfg = Release|Any CPU
		{C5A2CBD2-6997-4005-AA0D-ACDC30A8B372}.Release|Any CPU.Build.0 = Release|Any CPU
		{5E66AF10-7B97-4DEC-B2DD-234EA2F4FBBC}.Debug|Any CPU.ActiveCfg = Debug|Any CPU
		{5E66AF10-7B97-4DEC-B2DD-234EA2F4FBBC}.Debug|Any CPU.Build.0 = Debug|Any CPU
		{5E66AF10-7B97-4DEC-B2DD-234EA2F4FBBC}.Release|Any CPU.ActiveCfg = Release|Any CPU
		{5E66AF10-7B97-4DEC-B2DD-234EA2F4FBBC}.Release|Any CPU.Build.0 = Release|Any CPU
		{95AD94A0-E456-44BD-9552-201E9304B577}.Debug|Any CPU.ActiveCfg = Debug|Any CPU
		{95AD94A0-E456-44BD-9552-201E9304B577}.Debug|Any CPU.Build.0 = Debug|Any CPU
		{95AD94A0-E456-44BD-9552-201E9304B577}.Release|Any CPU.ActiveCfg = Release|Any CPU
		{95AD94A0-E456-44BD-9552-201E9304B577}.Release|Any CPU.Build.0 = Release|Any CPU
	EndGlobalSection
	GlobalSection(SolutionProperties) = preSolution
		HideSolutionNode = FALSE
	EndGlobalSection
	GlobalSection(NestedProjects) = preSolution
		{775DA395-C54E-4166-A7A0-27D7466B4A5C} = {F517289E-C8D9-4FC6-924C-E65BA8A541AD}
		{104C0297-2692-4F4F-BFDC-25C9A20DC010} = {775DA395-C54E-4166-A7A0-27D7466B4A5C}
		{F14FFA4E-568C-40E9-A754-CDC88D09365E} = {5A731584-32E6-430E-8BF1-BB58CACD75F1}
		{76022E4F-899D-4F5E-A06E-A4C9737377CA} = {F14FFA4E-568C-40E9-A754-CDC88D09365E}
		{7B1351CB-0C24-47DA-BD87-7E492B23DA8B} = {F14FFA4E-568C-40E9-A754-CDC88D09365E}
		{D6A97B35-D540-4172-9DA4-8796C0C62A3E} = {7B1351CB-0C24-47DA-BD87-7E492B23DA8B}
		{29A3488C-D136-4AF4-9AA7-68DF791C3D3A} = {7B1351CB-0C24-47DA-BD87-7E492B23DA8B}
		{B2334A25-513B-44D1-ADDA-197BC9D61FCB} = {76022E4F-899D-4F5E-A06E-A4C9737377CA}
		{37ACBAE7-D928-4021-988D-606B750F5F1B} = {76022E4F-899D-4F5E-A06E-A4C9737377CA}
		{188DCC93-C930-481E-AE56-6E342D8BC99A} = {76022E4F-899D-4F5E-A06E-A4C9737377CA}
		{39903ACD-437C-4EC7-853A-E9BD9EDCD733} = {188DCC93-C930-481E-AE56-6E342D8BC99A}
		{62321745-0385-431B-A2F8-95A0BFC36AE5} = {B2334A25-513B-44D1-ADDA-197BC9D61FCB}
		{2ACC3A56-B87A-4FDB-8917-15C343C7DA18} = {37ACBAE7-D928-4021-988D-606B750F5F1B}
		{301FBD14-962E-4807-9BFD-449544CDD244} = {5A731584-32E6-430E-8BF1-BB58CACD75F1}
		{90B500D4-E564-44C3-B876-CAA249D2BC0C} = {5A731584-32E6-430E-8BF1-BB58CACD75F1}
		{FCC9CBDD-197A-49A4-9ED6-20A7241DA0BC} = {5A731584-32E6-430E-8BF1-BB58CACD75F1}
		{B76F45C2-8218-4E88-B7B1-BEF5F3E19E91} = {FCC9CBDD-197A-49A4-9ED6-20A7241DA0BC}
		{C647D884-513C-4853-9CAA-488CA8AF9010} = {B76F45C2-8218-4E88-B7B1-BEF5F3E19E91}
		{4D8124DF-F391-4399-90C4-8FAB2D8B02BE} = {301FBD14-962E-4807-9BFD-449544CDD244}
		{B473F1A9-E06D-46F5-AA2C-88149F6B01A3} = {4D8124DF-F391-4399-90C4-8FAB2D8B02BE}
		{59DDEE68-2F82-4442-B49A-57F99AAD7801} = {4D8124DF-F391-4399-90C4-8FAB2D8B02BE}
		{C2D5D6AC-44B7-4D40-9A8B-0B9866B79286} = {4D8124DF-F391-4399-90C4-8FAB2D8B02BE}
		{8B2F1A43-346C-4F5E-8FA4-85FFBAC4FC5D} = {C2D5D6AC-44B7-4D40-9A8B-0B9866B79286}
		{034B4D96-28F3-47AF-B324-86C792BF1B0C} = {45766CBD-D067-49F2-B1AA-2355519F4DA0}
		{B62636D2-FC45-4A58-86A4-B7FB4E2E13D0} = {45766CBD-D067-49F2-B1AA-2355519F4DA0}
		{17C5CD36-0344-48B2-9BD6-393514A1B874} = {B62636D2-FC45-4A58-86A4-B7FB4E2E13D0}
		{D6143B16-77BD-49BB-B43F-A1E64FB230B7} = {17C5CD36-0344-48B2-9BD6-393514A1B874}
		{E36BE1CB-5685-4974-AAA2-E17F06A9C038} = {034B4D96-28F3-47AF-B324-86C792BF1B0C}
		{A14035D5-2A26-4442-8DD0-84C48A669919} = {E36BE1CB-5685-4974-AAA2-E17F06A9C038}
		{61A7A582-4A39-46D3-84C6-3B38F98A043C} = {A14035D5-2A26-4442-8DD0-84C48A669919}
		{C5A2CBD2-6997-4005-AA0D-ACDC30A8B372} = {E36BE1CB-5685-4974-AAA2-E17F06A9C038}
		{5E66AF10-7B97-4DEC-B2DD-234EA2F4FBBC} = {E36BE1CB-5685-4974-AAA2-E17F06A9C038}
		{95AD94A0-E456-44BD-9552-201E9304B577} = {47992CAD-0D67-4279-A1DB-F2E9D7C4C8AB}
	EndGlobalSection
	GlobalSection(ExtensibilityGlobals) = postSolution
		SolutionGuid = {E6806214-BD56-491A-8491-7DDFD482AD27}
	EndGlobalSection
EndGlobal
